
Microsoft Visual Studio Solution File, Format Version 12.00
# Visual Studio Version 16
VisualStudioVersion = 16.0.29613.14
MinimumVisualStudioVersion = 10.0.40219.1
Project("{FAE04EC0-301F-11D3-BF4B-00C04F79EFBC}") = "WindowsFormsApp1", "WindowsFormsApp1.csproj", "{2B35B28B-219E-44E9-AE07-EE9C939F1FAF}"
EndProject
Global
	GlobalSection(SolutionConfigurationPlatforms) = preSolution
		Debug|Any CPU = Debug|Any CPU
		Release|Any CPU = Release|Any CPU
	EndGlobalSection
	GlobalSection(ProjectConfigurationPlatforms) = postSolution
		{2B35B28B-219E-44E9-AE07-EE9C939F1FAF}.Debug|Any CPU.ActiveCfg = Debug|Any CPU
		{2B35B28B-219E-44E9-AE07-EE9C939F1FAF}.Debug|Any CPU.Build.0 = Debug|Any CPU
		{2B35B28B-219E-44E9-AE07-EE9C939F1FAF}.Release|Any CPU.ActiveCfg = Release|Any CPU
		{2B35B28B-219E-44E9-AE07-EE9C939F1FAF}.Release|Any CPU.Build.0 = Release|Any CPU
	EndGlobalSection
	GlobalSection(SolutionProperties) = preSolution
		HideSolutionNode = FALSE
	EndGlobalSection
	GlobalSection(ExtensibilityGlobals) = postSolution
		SolutionGuid = {3668C10C-36C9-4702-BFA3-3D5B7E9B6C1D}
	EndGlobalSection
EndGlobal
